<?xml version="1.0" encoding="utf-8"?>
<Project ToolsVersion="4.0" xmlns="http://schemas.microsoft.com/developer/msbuild/2003">
  <ItemGroup>
    <Filter Include="Quelldateien">
      <UniqueIdentifier>{4FC737F1-C7A5-4376-A066-2A32D752A2FF}</UniqueIdentifier>
      <Extensions>cpp;c;cc;cxx;def;odl;idl;hpj;bat;asm;asmx</Extensions>
    </Filter>
    <Filter Include="Headerdateien">
      <UniqueIdentifier>{93995380-89BD-4b04-88EB-625FBE52EBFB}</UniqueIdentifier>
      <Extensions>h;hh;hpp;hxx;hm;inl;inc;xsd</Extensions>
    </Filter>
    <Filter Include="Ressourcendateien">
      <UniqueIdentifier>{67DA6AB6-F800-4c08-8B7A-83BB121AAD01}</UniqueIdentifier>
      <Extensions>rc;ico;cur;bmp;dlg;rc2;rct;bin;rgs;gif;jpg;jpeg;jpe;resx;tiff;tif;png;wav;mfcribbon-ms</Extensions>
    </Filter>
    <Filter Include="libs">
      <UniqueIdentifier>{57af9048-212b-491e-aba9-a79aee968ae7}</UniqueIdentifier>
    </Filter>
    <Filter Include="libs\imageSegmentation">
      <UniqueIdentifier>{e826a55e-ed80-439d-a237-425e2cd0b9bd}</UniqueIdentifier>
    </Filter>
    <Filter Include="libs\seeds-revised">
      <UniqueIdentifier>{1f5142a8-1813-4999-a22a-84a447fb544d}</UniqueIdentifier>
    </Filter>
    <Filter Include="libs\CIEDE2000">
      <UniqueIdentifier>{206147a9-eba3-4a99-a2fc-4f9df6d60c3a}</UniqueIdentifier>
    </Filter>
    <Filter Include="libs\Chamfer">
      <UniqueIdentifier>{2ad877cc-c2fd-48fe-8548-6858c9d61857}</UniqueIdentifier>
    </Filter>
  </ItemGroup>
  <ItemGroup>
    <ClCompile Include="..\..\..\cvsketch\src\cvsketch.cpp">
      <Filter>Quelldateien</Filter>
    </ClCompile>
    <ClCompile Include="..\..\..\cvsketch\cvsketch_demo.cpp">
      <Filter>Quelldateien</Filter>
    </ClCompile>
    <ClCompile Include="..\..\..\cvsketch\libs\seeds-revised\lib\Tools.cpp">
      <Filter>libs\seeds-revised</Filter>
    </ClCompile>
    <ClCompile Include="..\..\..\cvsketch\libs\seeds-revised\lib\SeedsRevised.cpp">
      <Filter>libs\seeds-revised</Filter>
    </ClCompile>
    <ClCompile Include="..\..\..\cvsketch\libs\imageSegmentation\histogram.cpp">
      <Filter>libs\imageSegmentation</Filter>
    </ClCompile>
    <ClCompile Include="..\..\..\cvsketch\libs\imageSegmentation\texture.cpp">
      <Filter>libs\imageSegmentation</Filter>
    </ClCompile>
    <ClCompile Include="..\..\..\cvsketch\libs\imageSegmentation\color.cpp">
      <Filter>libs\imageSegmentation</Filter>
    </ClCompile>
    <ClCompile Include="..\..\..\cvsketch\src\segmentation.cpp">
      <Filter>Quelldateien</Filter>
    </ClCompile>
    <ClCompile Include="..\..\..\cvsketch\src\matching.cpp">
      <Filter>Quelldateien</Filter>
    </ClCompile>
    <ClCompile Include="..\..\..\cvsketch\libs\CIEDE2000\CIEDE2000.cpp">
      <Filter>libs\CIEDE2000</Filter>
    </ClCompile>
    <ClCompile Include="..\..\..\cvsketch\libs\Chamfer\Chamfer\Chamfer.cpp">
      <Filter>libs\Chamfer</Filter>
    </ClCompile>
    <ClCompile Include="..\..\..\cvsketch\libs\Chamfer\Chamfer\Utils.cpp">
      <Filter>libs\Chamfer</Filter>
    </ClCompile>
    <ClCompile Include="..\..\..\cvsketch\libs\Chamfer\Chamfer\chamfer_pistoledetection.hpp">
      <Filter>libs\Chamfer</Filter>
    </ClCompile>
  </ItemGroup>
  <ItemGroup>
    <ClInclude Include="..\..\..\cvsketch\src\cvsketch.hpp">
      <Filter>Quelldateien</Filter>
    </ClInclude>
    <ClInclude Include="..\..\..\cvsketch\libs\seeds-revised\lib\SeedsRevised.h">
      <Filter>libs\seeds-revised</Filter>
    </ClInclude>
    <ClInclude Include="..\..\..\cvsketch\libs\seeds-revised\lib\Tools.h">
      <Filter>libs\seeds-revised</Filter>
    </ClInclude>
    <ClInclude Include="..\..\..\cvsketch\libs\imageSegmentation\imageSegmentation.hpp">
      <Filter>libs\imageSegmentation</Filter>
    </ClInclude>
    <ClInclude Include="..\..\..\cvsketch\libs\imageSegmentation\header.h">
      <Filter>libs\imageSegmentation</Filter>
    </ClInclude>
    <ClInclude Include="..\..\..\cvsketch\src\segmentation.hpp">
      <Filter>Quelldateien</Filter>
    </ClInclude>
    <ClInclude Include="..\..\..\cvsketch\src\matching.hpp">
      <Filter>Quelldateien</Filter>
    </ClInclude>
    <ClInclude Include="..\..\..\cvsketch\libs\CIEDE2000\CIEDE2000.h">
      <Filter>libs\CIEDE2000</Filter>
    </ClInclude>
    <ClInclude Include="..\..\..\cvsketch\libs\Chamfer\Chamfer\Chamfer.hpp">
      <Filter>libs\Chamfer</Filter>
    </ClInclude>
    <ClInclude Include="..\..\..\cvsketch\libs\Chamfer\Chamfer\Utils.hpp">
      <Filter>libs\Chamfer</Filter>
    </ClInclude>
  </ItemGroup>
</Project>